
Microsoft Visual Studio Solution File, Format Version 12.00
# Visual Studio Version 17
VisualStudioVersion = 17.4.33205.214
MinimumVisualStudioVersion = 10.0.40219.1
Project("{2150E333-8FDC-42A3-9474-1A3956D46DE8}") = "src", "src", "{45DCF76B-E4F4-4C7A-8C8F-12118CE392EC}"
EndProject
Project("{2150E333-8FDC-42A3-9474-1A3956D46DE8}") = "Solution Items", "Solution Items", "{70718E69-7561-4079-9C62-B3A5FDAB3C63}"
	ProjectSection(SolutionItems) = preProject
		.dockerignore = .dockerignore
		README.md = README.md
	EndProjectSection
EndProject
Project("{2150E333-8FDC-42A3-9474-1A3956D46DE8}") = "Services", "Services", "{93F8D1AB-7483-4EBC-9A15-62E149C61BF0}"
EndProject
Project("{2150E333-8FDC-42A3-9474-1A3956D46DE8}") = "BuildingBlocks", "BuildingBlocks", "{554A4F0F-0A6D-40E1-AA10-05720DC39745}"
EndProject
Project("{E53339B2-1760-4266-BCC7-CA923CBCF16C}") = "docker-compose", "docker-compose.dcproj", "{605CFCA0-C364-46B9-83C9-BDD997CB6B52}"
EndProject
Project("{2150E333-8FDC-42A3-9474-1A3956D46DE8}") = "Orders", "Orders", "{D9D349B1-C871-43E9-B716-F53D6C3CAFE3}"
EndProject
Project("{FAE04EC0-301F-11D3-BF4B-00C04F79EFBC}") = "Archz.Orders.Api", "src\Services\Orders\Archz.Orders.Api\Archz.Orders.Api.csproj", "{164F73C6-6373-4CB5-9C73-FCEFE70693A0}"
EndProject
Project("{2150E333-8FDC-42A3-9474-1A3956D46DE8}") = "Users", "Users", "{7763B8FC-0D6C-4DA2-BB1D-C890ACC6053D}"
EndProject
Project("{2150E333-8FDC-42A3-9474-1A3956D46DE8}") = "Products", "Products", "{213E04D0-F7A8-44A0-A39A-EBAAC84735EF}"
EndProject
Project("{FAE04EC0-301F-11D3-BF4B-00C04F79EFBC}") = "Archz.Users.Api", "src\Services\Users\Archz.Users.Api\Archz.Users.Api.csproj", "{700518FF-5A06-4417-BBAF-795B2641FCF0}"
EndProject
Project("{FAE04EC0-301F-11D3-BF4B-00C04F79EFBC}") = "Archz.Products.Api", "src\Services\Products\Archz.Products.Api\Archz.Products.Api.csproj", "{CEADE34D-E60E-42E0-AC01-439EE59B7A25}"
EndProject
Project("{FAE04EC0-301F-11D3-BF4B-00C04F79EFBC}") = "Archz.SharedKernel", "src\BuildingBlocks\Archz.SharedKernel\Archz.SharedKernel.csproj", "{BE3F3723-F272-4EC2-BB42-5F6E22D4F835}"
EndProject
Project("{FAE04EC0-301F-11D3-BF4B-00C04F79EFBC}") = "Archz.Application.Core", "src\BuildingBlocks\Archz.Application.Core\Archz.Application.Core.csproj", "{14B9EBDC-4D82-43B8-8F61-C95F2ADD17B1}"
EndProject
Global
	GlobalSection(SolutionConfigurationPlatforms) = preSolution
		Debug|Any CPU = Debug|Any CPU
		Release|Any CPU = Release|Any CPU
	EndGlobalSection
	GlobalSection(ProjectConfigurationPlatforms) = postSolution
		{605CFCA0-C364-46B9-83C9-BDD997CB6B52}.Debug|Any CPU.ActiveCfg = Debug|Any CPU
		{605CFCA0-C364-46B9-83C9-BDD997CB6B52}.Debug|Any CPU.Build.0 = Debug|Any CPU
		{605CFCA0-C364-46B9-83C9-BDD997CB6B52}.Release|Any CPU.ActiveCfg = Release|Any CPU
		{605CFCA0-C364-46B9-83C9-BDD997CB6B52}.Release|Any CPU.Build.0 = Release|Any CPU
		{164F73C6-6373-4CB5-9C73-FCEFE70693A0}.Debug|Any CPU.ActiveCfg = Debug|Any CPU
		{164F73C6-6373-4CB5-9C73-FCEFE70693A0}.Debug|Any CPU.Build.0 = Debug|Any CPU
		{164F73C6-6373-4CB5-9C73-FCEFE70693A0}.Release|Any CPU.ActiveCfg = Release|Any CPU
		{164F73C6-6373-4CB5-9C73-FCEFE70693A0}.Release|Any CPU.Build.0 = Release|Any CPU
		{700518FF-5A06-4417-BBAF-795B2641FCF0}.Debug|Any CPU.ActiveCfg = Debug|Any CPU
		{700518FF-5A06-4417-BBAF-795B2641FCF0}.Debug|Any CPU.Build.0 = Debug|Any CPU
		{700518FF-5A06-4417-BBAF-795B2641FCF0}.Release|Any CPU.ActiveCfg = Release|Any CPU
		{700518FF-5A06-4417-BBAF-795B2641FCF0}.Release|Any CPU.Build.0 = Release|Any CPU
		{CEADE34D-E60E-42E0-AC01-439EE59B7A25}.Debug|Any CPU.ActiveCfg = Debug|Any CPU
		{CEADE34D-E60E-42E0-AC01-439EE59B7A25}.Debug|Any CPU.Build.0 = Debug|Any CPU
		{CEADE34D-E60E-42E0-AC01-439EE59B7A25}.Release|Any CPU.ActiveCfg = Release|Any CPU
		{CEADE34D-E60E-42E0-AC01-439EE59B7A25}.Release|Any CPU.Build.0 = Release|Any CPU
		{BE3F3723-F272-4EC2-BB42-5F6E22D4F835}.Debug|Any CPU.ActiveCfg = Debug|Any CPU
		{BE3F3723-F272-4EC2-BB42-5F6E22D4F835}.Debug|Any CPU.Build.0 = Debug|Any CPU
		{BE3F3723-F272-4EC2-BB42-5F6E22D4F835}.Release|Any CPU.ActiveCfg = Release|Any CPU
		{BE3F3723-F272-4EC2-BB42-5F6E22D4F835}.Release|Any CPU.Build.0 = Release|Any CPU
		{14B9EBDC-4D82-43B8-8F61-C95F2ADD17B1}.Debug|Any CPU.ActiveCfg = Debug|Any CPU
		{14B9EBDC-4D82-43B8-8F61-C95F2ADD17B1}.Debug|Any CPU.Build.0 = Debug|Any CPU
		{14B9EBDC-4D82-43B8-8F61-C95F2ADD17B1}.Release|Any CPU.ActiveCfg = Release|Any CPU
		{14B9EBDC-4D82-43B8-8F61-C95F2ADD17B1}.Release|Any CPU.Build.0 = Release|Any CPU
	EndGlobalSection
	GlobalSection(SolutionProperties) = preSolution
		HideSolutionNode = FALSE
	EndGlobalSection
	GlobalSection(NestedProjects) = preSolution
		{93F8D1AB-7483-4EBC-9A15-62E149C61BF0} = {45DCF76B-E4F4-4C7A-8C8F-12118CE392EC}
		{554A4F0F-0A6D-40E1-AA10-05720DC39745} = {45DCF76B-E4F4-4C7A-8C8F-12118CE392EC}
		{605CFCA0-C364-46B9-83C9-BDD997CB6B52} = {70718E69-7561-4079-9C62-B3A5FDAB3C63}
		{D9D349B1-C871-43E9-B716-F53D6C3CAFE3} = {93F8D1AB-7483-4EBC-9A15-62E149C61BF0}
		{164F73C6-6373-4CB5-9C73-FCEFE70693A0} = {D9D349B1-C871-43E9-B716-F53D6C3CAFE3}
		{7763B8FC-0D6C-4DA2-BB1D-C890ACC6053D} = {93F8D1AB-7483-4EBC-9A15-62E149C61BF0}
		{213E04D0-F7A8-44A0-A39A-EBAAC84735EF} = {93F8D1AB-7483-4EBC-9A15-62E149C61BF0}
		{700518FF-5A06-4417-BBAF-795B2641FCF0} = {7763B8FC-0D6C-4DA2-BB1D-C890ACC6053D}
		{CEADE34D-E60E-42E0-AC01-439EE59B7A25} = {213E04D0-F7A8-44A0-A39A-EBAAC84735EF}
		{BE3F3723-F272-4EC2-BB42-5F6E22D4F835} = {554A4F0F-0A6D-40E1-AA10-05720DC39745}
		{14B9EBDC-4D82-43B8-8F61-C95F2ADD17B1} = {554A4F0F-0A6D-40E1-AA10-05720DC39745}
	EndGlobalSection
	GlobalSection(ExtensibilityGlobals) = postSolution
		SolutionGuid = {3AD44BDF-9332-4946-B27B-D0D24BDAC8FA}
	EndGlobalSection
EndGlobal
